// !$*UTF8*$!
{
	archiveVersion = 1;
	classes = {
	};
	objectVersion = 46;
	objects = {

/* Begin PBXBuildFile section */
		C91FAFA01F0268BE003CF07A /* MaterialView.swift in Sources */ = {isa = PBXBuildFile; fileRef = C91FAF9F1F0268BE003CF07A /* MaterialView.swift */; };
		C9B33C281F02980A00480301 /* ItemCell.swift in Sources */ = {isa = PBXBuildFile; fileRef = C9B33C271F02980A00480301 /* ItemCell.swift */; };
		C9B48C821EFE8FD9008EA9FE /* AppDelegate.swift in Sources */ = {isa = PBXBuildFile; fileRef = C9B48C811EFE8FD9008EA9FE /* AppDelegate.swift */; };
		C9B48C841EFE8FD9008EA9FE /* ViewController.swift in Sources */ = {isa = PBXBuildFile; fileRef = C9B48C831EFE8FD9008EA9FE /* ViewController.swift */; };
		C9B48C871EFE8FD9008EA9FE /* Main.storyboard in Resources */ = {isa = PBXBuildFile; fileRef = C9B48C851EFE8FD9008EA9FE /* Main.storyboard */; };
		C9B48C8A1EFE8FD9008EA9FE /* DreamLister.xcdatamodeld in Sources */ = {isa = PBXBuildFile; fileRef = C9B48C881EFE8FD9008EA9FE /* DreamLister.xcdatamodeld */; };
		C9B48C8C1EFE8FD9008EA9FE /* Assets.xcassets in Resources */ = {isa = PBXBuildFile; fileRef = C9B48C8B1EFE8FD9008EA9FE /* Assets.xcassets */; };
		C9B48C8F1EFE8FD9008EA9FE /* LaunchScreen.storyboard in Resources */ = {isa = PBXBuildFile; fileRef = C9B48C8D1EFE8FD9008EA9FE /* LaunchScreen.storyboard */; };
		C9B48C9E1EFEA2BE008EA9FE /* Item+CoreDataClass.swift in Sources */ = {isa = PBXBuildFile; fileRef = C9B48C961EFEA2BE008EA9FE /* Item+CoreDataClass.swift */; };
		C9B48C9F1EFEA2BE008EA9FE /* Item+CoreDataProperties.swift in Sources */ = {isa = PBXBuildFile; fileRef = C9B48C971EFEA2BE008EA9FE /* Item+CoreDataProperties.swift */; };
		C9B48CA01EFEA2BE008EA9FE /* ItemType+CoreDataClass.swift in Sources */ = {isa = PBXBuildFile; fileRef = C9B48C981EFEA2BE008EA9FE /* ItemType+CoreDataClass.swift */; };
		C9B48CA11EFEA2BE008EA9FE /* ItemType+CoreDataProperties.swift in Sources */ = {isa = PBXBuildFile; fileRef = C9B48C991EFEA2BE008EA9FE /* ItemType+CoreDataProperties.swift */; };
		C9B48CA21EFEA2BE008EA9FE /* Store+CoreDataClass.swift in Sources */ = {isa = PBXBuildFile; fileRef = C9B48C9A1EFEA2BE008EA9FE /* Store+CoreDataClass.swift */; };
		C9B48CA31EFEA2BE008EA9FE /* Store+CoreDataProperties.swift in Sources */ = {isa = PBXBuildFile; fileRef = C9B48C9B1EFEA2BE008EA9FE /* Store+CoreDataProperties.swift */; };
		C9B48CA41EFEA2BE008EA9FE /* Image+CoreDataClass.swift in Sources */ = {isa = PBXBuildFile; fileRef = C9B48C9C1EFEA2BE008EA9FE /* Image+CoreDataClass.swift */; };
		C9B48CA51EFEA2BE008EA9FE /* Image+CoreDataProperties.swift in Sources */ = {isa = PBXBuildFile; fileRef = C9B48C9D1EFEA2BE008EA9FE /* Image+CoreDataProperties.swift */; };
/* End PBXBuildFile section */

/* Begin PBXFileReference section */
		C91FAF9F1F0268BE003CF07A /* MaterialView.swift */ = {isa = PBXFileReference; fileEncoding = 4; lastKnownFileType = sourcecode.swift; path = MaterialView.swift; sourceTree = "<group>"; };
		C9B33C271F02980A00480301 /* ItemCell.swift */ = {isa = PBXFileReference; fileEncoding = 4; lastKnownFileType = sourcecode.swift; path = ItemCell.swift; sourceTree = "<group>"; };
		C9B48C7E1EFE8FD9008EA9FE /* DreamLister.app */ = {isa = PBXFileReference; explicitFileType = wrapper.application; includeInIndex = 0; path = DreamLister.app; sourceTree = BUILT_PRODUCTS_DIR; };
		C9B48C811EFE8FD9008EA9FE /* AppDelegate.swift */ = {isa = PBXFileReference; lastKnownFileType = sourcecode.swift; path = AppDelegate.swift; sourceTree = "<group>"; };
		C9B48C831EFE8FD9008EA9FE /* ViewController.swift */ = {isa = PBXFileReference; lastKnownFileType = sourcecode.swift; path = ViewController.swift; sourceTree = "<group>"; };
		C9B48C861EFE8FD9008EA9FE /* Base */ = {isa = PBXFileReference; lastKnownFileType = file.storyboard; name = Base; path = Base.lproj/Main.storyboard; sourceTree = "<group>"; };
		C9B48C891EFE8FD9008EA9FE /* DreamLister.xcdatamodel */ = {isa = PBXFileReference; lastKnownFileType = wrapper.xcdatamodel; path = DreamLister.xcdatamodel; sourceTree = "<group>"; };
		C9B48C8B1EFE8FD9008EA9FE /* Assets.xcassets */ = {isa = PBXFileReference; lastKnownFileType = folder.assetcatalog; path = Assets.xcassets; sourceTree = "<group>"; };
		C9B48C8E1EFE8FD9008EA9FE /* Base */ = {isa = PBXFileReference; lastKnownFileType = file.storyboard; name = Base; path = Base.lproj/LaunchScreen.storyboard; sourceTree = "<group>"; };
		C9B48C901EFE8FD9008EA9FE /* Info.plist */ = {isa = PBXFileReference; lastKnownFileType = text.plist.xml; path = Info.plist; sourceTree = "<group>"; };
		C9B48C961EFEA2BE008EA9FE /* Item+CoreDataClass.swift */ = {isa = PBXFileReference; fileEncoding = 4; lastKnownFileType = sourcecode.swift; path = "Item+CoreDataClass.swift"; sourceTree = "<group>"; };
		C9B48C971EFEA2BE008EA9FE /* Item+CoreDataProperties.swift */ = {isa = PBXFileReference; fileEncoding = 4; lastKnownFileType = sourcecode.swift; path = "Item+CoreDataProperties.swift"; sourceTree = "<group>"; };
		C9B48C981EFEA2BE008EA9FE /* ItemType+CoreDataClass.swift */ = {isa = PBXFileReference; fileEncoding = 4; lastKnownFileType = sourcecode.swift; path = "ItemType+CoreDataClass.swift"; sourceTree = "<group>"; };
		C9B48C991EFEA2BE008EA9FE /* ItemType+CoreDataProperties.swift */ = {isa = PBXFileReference; fileEncoding = 4; lastKnownFileType = sourcecode.swift; path = "ItemType+CoreDataProperties.swift"; sourceTree = "<group>"; };
		C9B48C9A1EFEA2BE008EA9FE /* Store+CoreDataClass.swift */ = {isa = PBXFileReference; fileEncoding = 4; lastKnownFileType = sourcecode.swift; path = "Store+CoreDataClass.swift"; sourceTree = "<group>"; };
		C9B48C9B1EFEA2BE008EA9FE /* Store+CoreDataProperties.swift */ = {isa = PBXFileReference; fileEncoding = 4; lastKnownFileType = sourcecode.swift; path = "Store+CoreDataProperties.swift"; sourceTree = "<group>"; };
		C9B48C9C1EFEA2BE008EA9FE /* Image+CoreDataClass.swift */ = {isa = PBXFileReference; fileEncoding = 4; lastKnownFileType = sourcecode.swift; path = "Image+CoreDataClass.swift"; sourceTree = "<group>"; };
		C9B48C9D1EFEA2BE008EA9FE /* Image+CoreDataProperties.swift */ = {isa = PBXFileReference; fileEncoding = 4; lastKnownFileType = sourcecode.swift; path = "Image+CoreDataProperties.swift"; sourceTree = "<group>"; };
/* End PBXFileReference section */

/* Begin PBXFrameworksBuildPhase section */
		C9B48C7B1EFE8FD9008EA9FE /* Frameworks */ = {
			isa = PBXFrameworksBuildPhase;
			buildActionMask = 2147483647;
			files = (
			);
			runOnlyForDeploymentPostprocessing = 0;
		};
/* End PBXFrameworksBuildPhase section */

/* Begin PBXGroup section */
		C91FAF9E1F0267E8003CF07A /* View */ = {
			isa = PBXGroup;
			children = (
				C91FAF9F1F0268BE003CF07A /* MaterialView.swift */,
				C9B33C271F02980A00480301 /* ItemCell.swift */,
			);
			name = View;
			sourceTree = "<group>";
		};
		C9B33C261F0297DD00480301 /* Controller */ = {
			isa = PBXGroup;
			children = (
				C9B48C831EFE8FD9008EA9FE /* ViewController.swift */,
			);
			name = Controller;
			sourceTree = "<group>";
		};
		C9B48C751EFE8FD9008EA9FE = {
			isa = PBXGroup;
			children = (
				C9B48C801EFE8FD9008EA9FE /* DreamLister */,
				C9B48C7F1EFE8FD9008EA9FE /* Products */,
			);
			sourceTree = "<group>";
		};
		C9B48C7F1EFE8FD9008EA9FE /* Products */ = {
			isa = PBXGroup;
			children = (
				C9B48C7E1EFE8FD9008EA9FE /* DreamLister.app */,
			);
			name = Products;
			sourceTree = "<group>";
		};
		C9B48C801EFE8FD9008EA9FE /* DreamLister */ = {
			isa = PBXGroup;
			children = (
				C9B48CA61EFEA2F0008EA9FE /* Model */,
				C91FAF9E1F0267E8003CF07A /* View */,
				C9B33C261F0297DD00480301 /* Controller */,
				C9B48C811EFE8FD9008EA9FE /* AppDelegate.swift */,
				C9B48C851EFE8FD9008EA9FE /* Main.storyboard */,
				C9B48C8B1EFE8FD9008EA9FE /* Assets.xcassets */,
				C9B48C8D1EFE8FD9008EA9FE /* LaunchScreen.storyboard */,
				C9B48C901EFE8FD9008EA9FE /* Info.plist */,
				C9B48C881EFE8FD9008EA9FE /* DreamLister.xcdatamodeld */,
			);
			path = DreamLister;
			sourceTree = "<group>";
		};
		C9B48CA61EFEA2F0008EA9FE /* Model */ = {
			isa = PBXGroup;
			children = (
				C9B48C961EFEA2BE008EA9FE /* Item+CoreDataClass.swift */,
				C9B48C981EFEA2BE008EA9FE /* ItemType+CoreDataClass.swift */,
				C9B48C9A1EFEA2BE008EA9FE /* Store+CoreDataClass.swift */,
				C9B48C9C1EFEA2BE008EA9FE /* Image+CoreDataClass.swift */,
				C9B48CA71EFEA2FC008EA9FE /* Generated */,
			);
			name = Model;
			sourceTree = "<group>";
		};
		C9B48CA71EFEA2FC008EA9FE /* Generated */ = {
			isa = PBXGroup;
			children = (
				C9B48C971EFEA2BE008EA9FE /* Item+CoreDataProperties.swift */,
				C9B48C991EFEA2BE008EA9FE /* ItemType+CoreDataProperties.swift */,
				C9B48C9B1EFEA2BE008EA9FE /* Store+CoreDataProperties.swift */,
				C9B48C9D1EFEA2BE008EA9FE /* Image+CoreDataProperties.swift */,
			);
			name = Generated;
			sourceTree = "<group>";
		};
/* End PBXGroup section */

/* Begin PBXNativeTarget section */
		C9B48C7D1EFE8FD9008EA9FE /* DreamLister */ = {
			isa = PBXNativeTarget;
			buildConfigurationList = C9B48C931EFE8FD9008EA9FE /* Build configuration list for PBXNativeTarget "DreamLister" */;
			buildPhases = (
				C9B48C7A1EFE8FD9008EA9FE /* Sources */,
				C9B48C7B1EFE8FD9008EA9FE /* Frameworks */,
				C9B48C7C1EFE8FD9008EA9FE /* Resources */,
			);
			buildRules = (
			);
			dependencies = (
			);
			name = DreamLister;
			productName = DreamLister;
			productReference = C9B48C7E1EFE8FD9008EA9FE /* DreamLister.app */;
			productType = "com.apple.product-type.application";
		};
/* End PBXNativeTarget section */

/* Begin PBXProject section */
		C9B48C761EFE8FD9008EA9FE /* Project object */ = {
			isa = PBXProject;
			attributes = {
				LastSwiftUpdateCheck = 0830;
				LastUpgradeCheck = 0830;
				ORGANIZATIONNAME = "Jeet Parte";
				TargetAttributes = {
					C9B48C7D1EFE8FD9008EA9FE = {
						CreatedOnToolsVersion = 8.3.1;
						DevelopmentTeam = P93AR4Y346;
						ProvisioningStyle = Automatic;
					};
				};
			};
			buildConfigurationList = C9B48C791EFE8FD9008EA9FE /* Build configuration list for PBXProject "DreamLister" */;
			compatibilityVersion = "Xcode 3.2";
			developmentRegion = English;
			hasScannedForEncodings = 0;
			knownRegions = (
				en,
				Base,
			);
			mainGroup = C9B48C751EFE8FD9008EA9FE;
			productRefGroup = C9B48C7F1EFE8FD9008EA9FE /* Products */;
			projectDirPath = "";
			projectRoot = "";
			targets = (
				C9B48C7D1EFE8FD9008EA9FE /* DreamLister */,
			);
		};
/* End PBXProject section */

/* Begin PBXResourcesBuildPhase section */
		C9B48C7C1EFE8FD9008EA9FE /* Resources */ = {
			isa = PBXResourcesBuildPhase;
			buildActionMask = 2147483647;
			files = (
				C9B48C8F1EFE8FD9008EA9FE /* LaunchScreen.storyboard in Resources */,
				C9B48C8C1EFE8FD9008EA9FE /* Assets.xcassets in Resources */,
				C9B48C871EFE8FD9008EA9FE /* Main.storyboard in Resources */,
			);
			runOnlyForDeploymentPostprocessing = 0;
		};
/* End PBXResourcesBuildPhase section */

/* Begin PBXSourcesBuildPhase section */
		C9B48C7A1EFE8FD9008EA9FE /* Sources */ = {
			isa = PBXSourcesBuildPhase;
			buildActionMask = 2147483647;
			files = (
				C9B33C281F02980A00480301 /* ItemCell.swift in Sources */,
				C9B48CA01EFEA2BE008EA9FE /* ItemType+CoreDataClass.swift in Sources */,
				C9B48C841EFE8FD9008EA9FE /* ViewController.swift in Sources */,
				C9B48C821EFE8FD9008EA9FE /* AppDelegate.swift in Sources */,
				C91FAFA01F0268BE003CF07A /* MaterialView.swift in Sources */,
				C9B48C9E1EFEA2BE008EA9FE /* Item+CoreDataClass.swift in Sources */,
				C9B48CA31EFEA2BE008EA9FE /* Store+CoreDataProperties.swift in Sources */,
				C9B48C8A1EFE8FD9008EA9FE /* DreamLister.xcdatamodeld in Sources */,
				C9B48CA21EFEA2BE008EA9FE /* Store+CoreDataClass.swift in Sources */,
				C9B48CA11EFEA2BE008EA9FE /* ItemType+CoreDataProperties.swift in Sources */,
				C9B48C9F1EFEA2BE008EA9FE /* Item+CoreDataProperties.swift in Sources */,
				C9B48CA41EFEA2BE008EA9FE /* Image+CoreDataClass.swift in Sources */,
				C9B48CA51EFEA2BE008EA9FE /* Image+CoreDataProperties.swift in Sources */,
			);
			runOnlyForDeploymentPostprocessing = 0;
		};
/* End PBXSourcesBuildPhase section */

/* Begin PBXVariantGroup section */
		C9B48C851EFE8FD9008EA9FE /* Main.storyboard */ = {
			isa = PBXVariantGroup;
			children = (
				C9B48C861EFE8FD9008EA9FE /* Base */,
			);
			name = Main.storyboard;
			sourceTree = "<group>";
		};
		C9B48C8D1EFE8FD9008EA9FE /* LaunchScreen.storyboard */ = {
			isa = PBXVariantGroup;
			children = (
				C9B48C8E1EFE8FD9008EA9FE /* Base */,
			);
			name = LaunchScreen.storyboard;
			sourceTree = "<group>";
		};
/* End PBXVariantGroup section */

/* Begin XCBuildConfiguration section */
		C9B48C911EFE8FD9008EA9FE /* Debug */ = {
			isa = XCBuildConfiguration;
			buildSettings = {
				ALWAYS_SEARCH_USER_PATHS = NO;
				CLANG_ANALYZER_NONNULL = YES;
				CLANG_ANALYZER_NUMBER_OBJECT_CONVERSION = YES_AGGRESSIVE;
				CLANG_CXX_LANGUAGE_STANDARD = "gnu++0x";
				CLANG_CXX_LIBRARY = "libc++";
				CLANG_ENABLE_MODULES = YES;
				CLANG_ENABLE_OBJC_ARC = YES;
				CLANG_WARN_BOOL_CONVERSION = YES;
				CLANG_WARN_CONSTANT_CONVERSION = YES;
				CLANG_WARN_DIRECT_OBJC_ISA_USAGE = YES_ERROR;
				CLANG_WARN_DOCUMENTATION_COMMENTS = YES;
				CLANG_WARN_EMPTY_BODY = YES;
				CLANG_WARN_ENUM_CONVERSION = YES;
				CLANG_WARN_INFINITE_RECURSION = YES;
				CLANG_WARN_INT_CONVERSION = YES;
				CLANG_WARN_OBJC_ROOT_CLASS = YES_ERROR;
				CLANG_WARN_SUSPICIOUS_MOVE = YES;
				CLANG_WARN_UNREACHABLE_CODE = YES;
				CLANG_WARN__DUPLICATE_METHOD_MATCH = YES;
				"CODE_SIGN_IDENTITY[sdk=iphoneos*]" = "iPhone Developer";
				COPY_PHASE_STRIP = NO;
				DEBUG_INFORMATION_FORMAT = dwarf;
				ENABLE_STRICT_OBJC_MSGSEND = YES;
				ENABLE_TESTABILITY = YES;
				GCC_C_LANGUAGE_STANDARD = gnu99;
				GCC_DYNAMIC_NO_PIC = NO;
				GCC_NO_COMMON_BLOCKS = YES;
				GCC_OPTIMIZATION_LEVEL = 0;
				GCC_PREPROCESSOR_DEFINITIONS = (
					"DEBUG=1",
					"$(inherited)",
				);
				GCC_WARN_64_TO_32_BIT_CONVERSION = YES;
				GCC_WARN_ABOUT_RETURN_TYPE = YES_ERROR;
				GCC_WARN_UNDECLARED_SELECTOR = YES;
				GCC_WARN_UNINITIALIZED_AUTOS = YES_AGGRESSIVE;
				GCC_WARN_UNUSED_FUNCTION = YES;
				GCC_WARN_UNUSED_VARIABLE = YES;
				IPHONEOS_DEPLOYMENT_TARGET = 10.3;
				MTL_ENABLE_DEBUG_INFO = YES;
				ONLY_ACTIVE_ARCH = YES;
				SDKROOT = iphoneos;
				SWIFT_ACTIVE_COMPILATION_CONDITIONS = DEBUG;
				SWIFT_OPTIMIZATION_LEVEL = "-Onone";
				TARGETED_DEVICE_FAMILY = "1,2";
			};
			name = Debug;
		};
		C9B48C921EFE8FD9008EA9FE /* Release */ = {
			isa = XCBuildConfiguration;
			buildSettings = {
				ALWAYS_SEARCH_USER_PATHS = NO;
				CLANG_ANALYZER_NONNULL = YES;
				CLANG_ANALYZER_NUMBER_OBJECT_CONVERSION = YES_AGGRESSIVE;
				CLANG_CXX_LANGUAGE_STANDARD = "gnu++0x";
				CLANG_CXX_LIBRARY = "libc++";
				CLANG_ENABLE_MODULES = YES;
				CLANG_ENABLE_OBJC_ARC = YES;
				CLANG_WARN_BOOL_CONVERSION = YES;
				CLANG_WARN_CONSTANT_CONVERSION = YES;
				CLANG_WARN_DIRECT_OBJC_ISA_USAGE = YES_ERROR;
				CLANG_WARN_DOCUMENTATION_COMMENTS = YES;
				CLANG_WARN_EMPTY_BODY = YES;
				CLANG_WARN_ENUM_CONVERSION = YES;
				CLANG_WARN_INFINITE_RECURSION = YES;
				CLANG_WARN_INT_CONVERSION = YES;
				CLANG_WARN_OBJC_ROOT_CLASS = YES_ERROR;
				CLANG_WARN_SUSPICIOUS_MOVE = YES;
				CLANG_WARN_UNREACHABLE_CODE = YES;
				CLANG_WARN__DUPLICATE_METHOD_MATCH = YES;
				"CODE_SIGN_IDENTITY[sdk=iphoneos*]" = "iPhone Developer";
				COPY_PHASE_STRIP = NO;
				DEBUG_INFORMATION_FORMAT = "dwarf-with-dsym";
				ENABLE_NS_ASSERTIONS = NO;
				ENABLE_STRICT_OBJC_MSGSEND = YES;
				GCC_C_LANGUAGE_STANDARD = gnu99;
				GCC_NO_COMMON_BLOCKS = YES;
				GCC_WARN_64_TO_32_BIT_CONVERSION = YES;
				GCC_WARN_ABOUT_RETURN_TYPE = YES_ERROR;
				GCC_WARN_UNDECLARED_SELECTOR = YES;
				GCC_WARN_UNINITIALIZED_AUTOS = YES_AGGRESSIVE;
				GCC_WARN_UNUSED_FUNCTION = YES;
				GCC_WARN_UNUSED_VARIABLE = YES;
				IPHONEOS_DEPLOYMENT_TARGET = 10.3;
				MTL_ENABLE_DEBUG_INFO = NO;
				SDKROOT = iphoneos;
				SWIFT_OPTIMIZATION_LEVEL = "-Owholemodule";
				TARGETED_DEVICE_FAMILY = "1,2";
				VALIDATE_PRODUCT = YES;
			};
			name = Release;
		};
		C9B48C941EFE8FD9008EA9FE /* Debug */ = {
			isa = XCBuildConfiguration;
			buildSettings = {
				ASSETCATALOG_COMPILER_APPICON_NAME = AppIcon;
				DEVELOPMENT_TEAM = P93AR4Y346;
				INFOPLIST_FILE = DreamLister/Info.plist;
				LD_RUNPATH_SEARCH_PATHS = "$(inherited) @executable_path/Frameworks";
				PRODUCT_BUNDLE_IDENTIFIER = com.jparte.DreamLister;
				PRODUCT_NAME = "$(TARGET_NAME)";
				SWIFT_VERSION = 3.0;
			};
			name = Debug;
		};
		C9B48C951EFE8FD9008EA9FE /* Release */ = {
			isa = XCBuildConfiguration;
			buildSettings = {
				ASSETCATALOG_COMPILER_APPICON_NAME = AppIcon;
				DEVELOPMENT_TEAM = P93AR4Y346;
				INFOPLIST_FILE = DreamLister/Info.plist;
				LD_RUNPATH_SEARCH_PATHS = "$(inherited) @executable_path/Frameworks";
				PRODUCT_BUNDLE_IDENTIFIER = com.jparte.DreamLister;
				PRODUCT_NAME = "$(TARGET_NAME)";
				SWIFT_VERSION = 3.0;
			};
			name = Release;
		};
/* End XCBuildConfiguration section */

/* Begin XCConfigurationList section */
		C9B48C791EFE8FD9008EA9FE /* Build configuration list for PBXProject "DreamLister" */ = {
			isa = XCConfigurationList;
			buildConfigurations = (
				C9B48C911EFE8FD9008EA9FE /* Debug */,
				C9B48C921EFE8FD9008EA9FE /* Release */,
			);
			defaultConfigurationIsVisible = 0;
			defaultConfigurationName = Release;
		};
		C9B48C931EFE8FD9008EA9FE /* Build configuration list for PBXNativeTarget "DreamLister" */ = {
			isa = XCConfigurationList;
			buildConfigurations = (
				C9B48C941EFE8FD9008EA9FE /* Debug */,
				C9B48C951EFE8FD9008EA9FE /* Release */,
			);
			defaultConfigurationIsVisible = 0;
			defaultConfigurationName = Release;
		};
/* End XCConfigurationList section */

/* Begin XCVersionGroup section */
		C9B48C881EFE8FD9008EA9FE /* DreamLister.xcdatamodeld */ = {
			isa = XCVersionGroup;
			children = (
				C9B48C891EFE8FD9008EA9FE /* DreamLister.xcdatamodel */,
			);
			currentVersion = C9B48C891EFE8FD9008EA9FE /* DreamLister.xcdatamodel */;
			path = DreamLister.xcdatamodeld;
			sourceTree = "<group>";
			versionGroupType = wrapper.xcdatamodel;
		};
/* End XCVersionGroup section */
	};
	rootObject = C9B48C761EFE8FD9008EA9FE /* Project object */;
}
